// !$*UTF8*$!
{
	archiveVersion = 1;
	classes = {
	};
	objectVersion = 46;
	objects = {

/* Begin PBXBuildFile section */
		08B0149119A99F630088F764 /* SessionContainer.m in Sources */ = {isa = PBXBuildFile; fileRef = 08B0148C19A99F630088F764 /* SessionContainer.m */; };
		08B0149219A99F630088F764 /* ProgressObserver.m in Sources */ = {isa = PBXBuildFile; fileRef = 08B0148E19A99F630088F764 /* ProgressObserver.m */; };
		08B0149319A99F630088F764 /* Transcript.m in Sources */ = {isa = PBXBuildFile; fileRef = 08B0149019A99F630088F764 /* Transcript.m */; };
		08B0149619A99FC90088F764 /* HotAndColdViewController.m in Sources */ = {isa = PBXBuildFile; fileRef = 08B0149419A99FC90088F764 /* HotAndColdViewController.m */; };
		08B0149819A9A04D0088F764 /* MultipeerConnectivity.framework in Frameworks */ = {isa = PBXBuildFile; fileRef = 08B0149719A9A04D0088F764 /* MultipeerConnectivity.framework */; };
		A13BE50BBEC946369F4C5587 /* libPods.a in Frameworks */ = {isa = PBXBuildFile; fileRef = BA3D2E6A08D84405A6F65471 /* libPods.a */; };
		CE518FF319A93E27002BF6C6 /* Foundation.framework in Frameworks */ = {isa = PBXBuildFile; fileRef = CE518FF219A93E27002BF6C6 /* Foundation.framework */; };
		CE518FF519A93E27002BF6C6 /* CoreGraphics.framework in Frameworks */ = {isa = PBXBuildFile; fileRef = CE518FF419A93E27002BF6C6 /* CoreGraphics.framework */; };
		CE518FF719A93E27002BF6C6 /* UIKit.framework in Frameworks */ = {isa = PBXBuildFile; fileRef = CE518FF619A93E27002BF6C6 /* UIKit.framework */; };
		CE518FFF19A93E27002BF6C6 /* main.m in Sources */ = {isa = PBXBuildFile; fileRef = CE518FFE19A93E27002BF6C6 /* main.m */; };
		CE51900319A93E27002BF6C6 /* AppDelegate.m in Sources */ = {isa = PBXBuildFile; fileRef = CE51900219A93E27002BF6C6 /* AppDelegate.m */; };
		CE51900619A93E27002BF6C6 /* Main.storyboard in Resources */ = {isa = PBXBuildFile; fileRef = CE51900419A93E27002BF6C6 /* Main.storyboard */; };
		CE51900B19A93E27002BF6C6 /* Images.xcassets in Resources */ = {isa = PBXBuildFile; fileRef = CE51900A19A93E27002BF6C6 /* Images.xcassets */; };
		CE51901219A93E27002BF6C6 /* XCTest.framework in Frameworks */ = {isa = PBXBuildFile; fileRef = CE51901119A93E27002BF6C6 /* XCTest.framework */; };
		CE51901319A93E27002BF6C6 /* Foundation.framework in Frameworks */ = {isa = PBXBuildFile; fileRef = CE518FF219A93E27002BF6C6 /* Foundation.framework */; };
		CE51901419A93E27002BF6C6 /* UIKit.framework in Frameworks */ = {isa = PBXBuildFile; fileRef = CE518FF619A93E27002BF6C6 /* UIKit.framework */; };
		CE51901C19A93E27002BF6C6 /* InfoPlist.strings in Resources */ = {isa = PBXBuildFile; fileRef = CE51901A19A93E27002BF6C6 /* InfoPlist.strings */; };
		CE51901E19A93E27002BF6C6 /* SccavngrTests.m in Sources */ = {isa = PBXBuildFile; fileRef = CE51901D19A93E27002BF6C6 /* SccavngrTests.m */; };
		CE51902819A93F17002BF6C6 /* libEstimoteSDK.a in Frameworks */ = {isa = PBXBuildFile; fileRef = CE51902719A93F17002BF6C6 /* libEstimoteSDK.a */; };
		CE51902A19A93F20002BF6C6 /* CoreBluetooth.framework in Frameworks */ = {isa = PBXBuildFile; fileRef = CE51902919A93F20002BF6C6 /* CoreBluetooth.framework */; };
		CE51902D19A93F2C002BF6C6 /* CoreLocation.framework in Frameworks */ = {isa = PBXBuildFile; fileRef = CE51902B19A93F2C002BF6C6 /* CoreLocation.framework */; };
		CE51902E19A93F2C002BF6C6 /* SystemConfiguration.framework in Frameworks */ = {isa = PBXBuildFile; fileRef = CE51902C19A93F2C002BF6C6 /* SystemConfiguration.framework */; };
		CE51903119A945A7002BF6C6 /* TableViewCell.m in Sources */ = {isa = PBXBuildFile; fileRef = CE51903019A945A7002BF6C6 /* TableViewCell.m */; };
		CE51903419A9ADBD002BF6C6 /* BeaconEngine.m in Sources */ = {isa = PBXBuildFile; fileRef = CE51903319A9ADBD002BF6C6 /* BeaconEngine.m */; };
		CE51904619A9B6D7002BF6C6 /* AppIcon29x29.png in Resources */ = {isa = PBXBuildFile; fileRef = CE51903619A9B6D7002BF6C6 /* AppIcon29x29.png */; };
		CE51904719A9B6D7002BF6C6 /* AppIcon29x29@2x.png in Resources */ = {isa = PBXBuildFile; fileRef = CE51903719A9B6D7002BF6C6 /* AppIcon29x29@2x.png */; };
		CE51904819A9B6D7002BF6C6 /* AppIcon40x40.png in Resources */ = {isa = PBXBuildFile; fileRef = CE51903819A9B6D7002BF6C6 /* AppIcon40x40.png */; };
		CE51904919A9B6D7002BF6C6 /* AppIcon40x40@2x.png in Resources */ = {isa = PBXBuildFile; fileRef = CE51903919A9B6D7002BF6C6 /* AppIcon40x40@2x.png */; };
		CE51904A19A9B6D7002BF6C6 /* AppIcon50x50.png in Resources */ = {isa = PBXBuildFile; fileRef = CE51903A19A9B6D7002BF6C6 /* AppIcon50x50.png */; };
		CE51904B19A9B6D7002BF6C6 /* AppIcon50x50@2x.png in Resources */ = {isa = PBXBuildFile; fileRef = CE51903B19A9B6D7002BF6C6 /* AppIcon50x50@2x.png */; };
		CE51904C19A9B6D7002BF6C6 /* AppIcon57x57.png in Resources */ = {isa = PBXBuildFile; fileRef = CE51903C19A9B6D7002BF6C6 /* AppIcon57x57.png */; };
		CE51904D19A9B6D7002BF6C6 /* AppIcon57x57@2x.png in Resources */ = {isa = PBXBuildFile; fileRef = CE51903D19A9B6D7002BF6C6 /* AppIcon57x57@2x.png */; };
		CE51904E19A9B6D7002BF6C6 /* AppIcon60x60.png in Resources */ = {isa = PBXBuildFile; fileRef = CE51903E19A9B6D7002BF6C6 /* AppIcon60x60.png */; };
		CE51904F19A9B6D7002BF6C6 /* AppIcon60x60@2x.png in Resources */ = {isa = PBXBuildFile; fileRef = CE51903F19A9B6D7002BF6C6 /* AppIcon60x60@2x.png */; };
		CE51905019A9B6D7002BF6C6 /* AppIcon72x72.png in Resources */ = {isa = PBXBuildFile; fileRef = CE51904019A9B6D7002BF6C6 /* AppIcon72x72.png */; };
		CE51905119A9B6D7002BF6C6 /* AppIcon72x72@2x.png in Resources */ = {isa = PBXBuildFile; fileRef = CE51904119A9B6D7002BF6C6 /* AppIcon72x72@2x.png */; };
		CE51905219A9B6D7002BF6C6 /* AppIcon76x76.png in Resources */ = {isa = PBXBuildFile; fileRef = CE51904219A9B6D7002BF6C6 /* AppIcon76x76.png */; };
		CE51905319A9B6D7002BF6C6 /* AppIcon76x76@2x.png in Resources */ = {isa = PBXBuildFile; fileRef = CE51904319A9B6D7002BF6C6 /* AppIcon76x76@2x.png */; };
		CE51905419A9B6D7002BF6C6 /* iTunesArtwork.png in Resources */ = {isa = PBXBuildFile; fileRef = CE51904419A9B6D7002BF6C6 /* iTunesArtwork.png */; };
		CE51905519A9B6D7002BF6C6 /* iTunesArtwork@2x.png in Resources */ = {isa = PBXBuildFile; fileRef = CE51904519A9B6D7002BF6C6 /* iTunesArtwork@2x.png */; };
		CE51905719A9B7D9002BF6C6 /* AppIcon120x120.png in Resources */ = {isa = PBXBuildFile; fileRef = CE51905619A9B7D9002BF6C6 /* AppIcon120x120.png */; };
		CE5190A219A9CA64002BF6C6 /* AppIcon80x80@2x.png in Resources */ = {isa = PBXBuildFile; fileRef = CE5190A119A9CA64002BF6C6 /* AppIcon80x80@2x.png */; };
		CE5190A419A9CA92002BF6C6 /* AppIcon58x58@2x.png in Resources */ = {isa = PBXBuildFile; fileRef = CE5190A319A9CA92002BF6C6 /* AppIcon58x58@2x.png */; };
		CE5190A619A9CAE6002BF6C6 /* AppIcon58x58.png in Resources */ = {isa = PBXBuildFile; fileRef = CE5190A519A9CAE6002BF6C6 /* AppIcon58x58.png */; };
		D70D23D019A9A4600072127F /* ProgressVC.m in Sources */ = {isa = PBXBuildFile; fileRef = D70D23C519A9A4600072127F /* ProgressVC.m */; };
		D70D23D119A9A4600072127F /* ProgressCell.m in Sources */ = {isa = PBXBuildFile; fileRef = D70D23C619A9A4600072127F /* ProgressCell.m */; };
		D70D23D219A9A4600072127F /* ProgressCell.xib in Resources */ = {isa = PBXBuildFile; fileRef = D70D23C719A9A4600072127F /* ProgressCell.xib */; };
		D70D23D319A9A4600072127F /* ProgressVC.xib in Resources */ = {isa = PBXBuildFile; fileRef = D70D23C819A9A4600072127F /* ProgressVC.xib */; };
		D70D23D419A9A4600072127F /* ProgressUpdate.m in Sources */ = {isa = PBXBuildFile; fileRef = D70D23CA19A9A4600072127F /* ProgressUpdate.m */; };
		D70D23D519A9A4600072127F /* ProgressHeaderView.xib in Resources */ = {isa = PBXBuildFile; fileRef = D70D23CC19A9A4600072127F /* ProgressHeaderView.xib */; };
		D70D23D619A9A4600072127F /* ProgressHeaderView.m in Sources */ = {isa = PBXBuildFile; fileRef = D70D23CE19A9A4600072127F /* ProgressHeaderView.m */; };
		D742FC8E19A9C040009FBCE5 /* InfoPlist.strings in Resources */ = {isa = PBXBuildFile; fileRef = CE518FFB19A93E27002BF6C6 /* InfoPlist.strings */; };
/* End PBXBuildFile section */

/* Begin PBXContainerItemProxy section */
		CE51901519A93E27002BF6C6 /* PBXContainerItemProxy */ = {
			isa = PBXContainerItemProxy;
			containerPortal = CE518FE719A93E27002BF6C6 /* Project object */;
			proxyType = 1;
			remoteGlobalIDString = CE518FEE19A93E27002BF6C6;
			remoteInfo = Sccavngr;
		};
/* End PBXContainerItemProxy section */

/* Begin PBXFileReference section */
		08B0148B19A99F630088F764 /* SessionContainer.h */ = {isa = PBXFileReference; fileEncoding = 4; lastKnownFileType = sourcecode.c.h; path = SessionContainer.h; sourceTree = "<group>"; };
		08B0148C19A99F630088F764 /* SessionContainer.m */ = {isa = PBXFileReference; fileEncoding = 4; lastKnownFileType = sourcecode.c.objc; path = SessionContainer.m; sourceTree = "<group>"; };
		08B0148D19A99F630088F764 /* ProgressObserver.h */ = {isa = PBXFileReference; fileEncoding = 4; lastKnownFileType = sourcecode.c.h; path = ProgressObserver.h; sourceTree = "<group>"; };
		08B0148E19A99F630088F764 /* ProgressObserver.m */ = {isa = PBXFileReference; fileEncoding = 4; lastKnownFileType = sourcecode.c.objc; path = ProgressObserver.m; sourceTree = "<group>"; };
		08B0148F19A99F630088F764 /* Transcript.h */ = {isa = PBXFileReference; fileEncoding = 4; lastKnownFileType = sourcecode.c.h; path = Transcript.h; sourceTree = "<group>"; };
		08B0149019A99F630088F764 /* Transcript.m */ = {isa = PBXFileReference; fileEncoding = 4; lastKnownFileType = sourcecode.c.objc; path = Transcript.m; sourceTree = "<group>"; };
		08B0149419A99FC90088F764 /* HotAndColdViewController.m */ = {isa = PBXFileReference; fileEncoding = 4; lastKnownFileType = sourcecode.c.objc; path = HotAndColdViewController.m; sourceTree = "<group>"; };
		08B0149519A99FC90088F764 /* HotAndColdViewController.h */ = {isa = PBXFileReference; fileEncoding = 4; lastKnownFileType = sourcecode.c.h; path = HotAndColdViewController.h; sourceTree = "<group>"; };
		08B0149719A9A04D0088F764 /* MultipeerConnectivity.framework */ = {isa = PBXFileReference; lastKnownFileType = wrapper.framework; name = MultipeerConnectivity.framework; path = System/Library/Frameworks/MultipeerConnectivity.framework; sourceTree = SDKROOT; };
		BA3D2E6A08D84405A6F65471 /* libPods.a */ = {isa = PBXFileReference; explicitFileType = archive.ar; includeInIndex = 0; path = libPods.a; sourceTree = BUILT_PRODUCTS_DIR; };
		C3AC438B9B024EAFBED8BBC8 /* Pods.xcconfig */ = {isa = PBXFileReference; includeInIndex = 1; lastKnownFileType = text.xcconfig; name = Pods.xcconfig; path = Pods/Pods.xcconfig; sourceTree = "<group>"; };
		CE518FEF19A93E27002BF6C6 /* Sccavngr.app */ = {isa = PBXFileReference; explicitFileType = wrapper.application; includeInIndex = 0; path = Sccavngr.app; sourceTree = BUILT_PRODUCTS_DIR; };
		CE518FF219A93E27002BF6C6 /* Foundation.framework */ = {isa = PBXFileReference; lastKnownFileType = wrapper.framework; name = Foundation.framework; path = System/Library/Frameworks/Foundation.framework; sourceTree = SDKROOT; };
		CE518FF419A93E27002BF6C6 /* CoreGraphics.framework */ = {isa = PBXFileReference; lastKnownFileType = wrapper.framework; name = CoreGraphics.framework; path = System/Library/Frameworks/CoreGraphics.framework; sourceTree = SDKROOT; };
		CE518FF619A93E27002BF6C6 /* UIKit.framework */ = {isa = PBXFileReference; lastKnownFileType = wrapper.framework; name = UIKit.framework; path = System/Library/Frameworks/UIKit.framework; sourceTree = SDKROOT; };
		CE518FFA19A93E27002BF6C6 /* Sccavngr-Info.plist */ = {isa = PBXFileReference; lastKnownFileType = text.plist.xml; path = "Sccavngr-Info.plist"; sourceTree = "<group>"; };
		CE518FFC19A93E27002BF6C6 /* en */ = {isa = PBXFileReference; lastKnownFileType = text.plist.strings; name = en; path = en.lproj/InfoPlist.strings; sourceTree = "<group>"; };
		CE518FFE19A93E27002BF6C6 /* main.m */ = {isa = PBXFileReference; lastKnownFileType = sourcecode.c.objc; path = main.m; sourceTree = "<group>"; };
		CE51900019A93E27002BF6C6 /* Sccavngr-Prefix.pch */ = {isa = PBXFileReference; lastKnownFileType = sourcecode.c.h; path = "Sccavngr-Prefix.pch"; sourceTree = "<group>"; };
		CE51900119A93E27002BF6C6 /* AppDelegate.h */ = {isa = PBXFileReference; lastKnownFileType = sourcecode.c.h; path = AppDelegate.h; sourceTree = "<group>"; };
		CE51900219A93E27002BF6C6 /* AppDelegate.m */ = {isa = PBXFileReference; lastKnownFileType = sourcecode.c.objc; path = AppDelegate.m; sourceTree = "<group>"; };
		CE51900519A93E27002BF6C6 /* Base */ = {isa = PBXFileReference; lastKnownFileType = file.storyboard; name = Base; path = Base.lproj/Main.storyboard; sourceTree = "<group>"; };
		CE51900A19A93E27002BF6C6 /* Images.xcassets */ = {isa = PBXFileReference; lastKnownFileType = folder.assetcatalog; path = Images.xcassets; sourceTree = "<group>"; };
		CE51901019A93E27002BF6C6 /* SccavngrTests.xctest */ = {isa = PBXFileReference; explicitFileType = wrapper.cfbundle; includeInIndex = 0; path = SccavngrTests.xctest; sourceTree = BUILT_PRODUCTS_DIR; };
		CE51901119A93E27002BF6C6 /* XCTest.framework */ = {isa = PBXFileReference; lastKnownFileType = wrapper.framework; name = XCTest.framework; path = Library/Frameworks/XCTest.framework; sourceTree = DEVELOPER_DIR; };
		CE51901919A93E27002BF6C6 /* SccavngrTests-Info.plist */ = {isa = PBXFileReference; lastKnownFileType = text.plist.xml; path = "SccavngrTests-Info.plist"; sourceTree = "<group>"; };
		CE51901B19A93E27002BF6C6 /* en */ = {isa = PBXFileReference; lastKnownFileType = text.plist.strings; name = en; path = en.lproj/InfoPlist.strings; sourceTree = "<group>"; };
		CE51901D19A93E27002BF6C6 /* SccavngrTests.m */ = {isa = PBXFileReference; lastKnownFileType = sourcecode.c.objc; path = SccavngrTests.m; sourceTree = "<group>"; };
		CE51902719A93F17002BF6C6 /* libEstimoteSDK.a */ = {isa = PBXFileReference; lastKnownFileType = archive.ar; name = libEstimoteSDK.a; path = EstimoteSDK/libEstimoteSDK.a; sourceTree = "<group>"; };
		CE51902919A93F20002BF6C6 /* CoreBluetooth.framework */ = {isa = PBXFileReference; lastKnownFileType = wrapper.framework; name = CoreBluetooth.framework; path = System/Library/Frameworks/CoreBluetooth.framework; sourceTree = SDKROOT; };
		CE51902B19A93F2C002BF6C6 /* CoreLocation.framework */ = {isa = PBXFileReference; lastKnownFileType = wrapper.framework; name = CoreLocation.framework; path = System/Library/Frameworks/CoreLocation.framework; sourceTree = SDKROOT; };
		CE51902C19A93F2C002BF6C6 /* SystemConfiguration.framework */ = {isa = PBXFileReference; lastKnownFileType = wrapper.framework; name = SystemConfiguration.framework; path = System/Library/Frameworks/SystemConfiguration.framework; sourceTree = SDKROOT; };
		CE51902F19A945A7002BF6C6 /* TableViewCell.h */ = {isa = PBXFileReference; fileEncoding = 4; lastKnownFileType = sourcecode.c.h; path = TableViewCell.h; sourceTree = "<group>"; };
		CE51903019A945A7002BF6C6 /* TableViewCell.m */ = {isa = PBXFileReference; fileEncoding = 4; lastKnownFileType = sourcecode.c.objc; path = TableViewCell.m; sourceTree = "<group>"; };
		CE51903219A9ADBD002BF6C6 /* BeaconEngine.h */ = {isa = PBXFileReference; fileEncoding = 4; lastKnownFileType = sourcecode.c.h; path = BeaconEngine.h; sourceTree = "<group>"; };
		CE51903319A9ADBD002BF6C6 /* BeaconEngine.m */ = {isa = PBXFileReference; fileEncoding = 4; lastKnownFileType = sourcecode.c.objc; path = BeaconEngine.m; sourceTree = "<group>"; };
		CE51903619A9B6D7002BF6C6 /* AppIcon29x29.png */ = {isa = PBXFileReference; lastKnownFileType = image.png; path = AppIcon29x29.png; sourceTree = "<group>"; };
		CE51903719A9B6D7002BF6C6 /* AppIcon29x29@2x.png */ = {isa = PBXFileReference; lastKnownFileType = image.png; path = "AppIcon29x29@2x.png"; sourceTree = "<group>"; };
		CE51903819A9B6D7002BF6C6 /* AppIcon40x40.png */ = {isa = PBXFileReference; lastKnownFileType = image.png; path = AppIcon40x40.png; sourceTree = "<group>"; };
		CE51903919A9B6D7002BF6C6 /* AppIcon40x40@2x.png */ = {isa = PBXFileReference; lastKnownFileType = image.png; path = "AppIcon40x40@2x.png"; sourceTree = "<group>"; };
		CE51903A19A9B6D7002BF6C6 /* AppIcon50x50.png */ = {isa = PBXFileReference; lastKnownFileType = image.png; path = AppIcon50x50.png; sourceTree = "<group>"; };
		CE51903B19A9B6D7002BF6C6 /* AppIcon50x50@2x.png */ = {isa = PBXFileReference; lastKnownFileType = image.png; path = "AppIcon50x50@2x.png"; sourceTree = "<group>"; };
		CE51903C19A9B6D7002BF6C6 /* AppIcon57x57.png */ = {isa = PBXFileReference; lastKnownFileType = image.png; path = AppIcon57x57.png; sourceTree = "<group>"; };
		CE51903D19A9B6D7002BF6C6 /* AppIcon57x57@2x.png */ = {isa = PBXFileReference; lastKnownFileType = image.png; path = "AppIcon57x57@2x.png"; sourceTree = "<group>"; };
		CE51903E19A9B6D7002BF6C6 /* AppIcon60x60.png */ = {isa = PBXFileReference; lastKnownFileType = image.png; path = AppIcon60x60.png; sourceTree = "<group>"; };
		CE51903F19A9B6D7002BF6C6 /* AppIcon60x60@2x.png */ = {isa = PBXFileReference; lastKnownFileType = image.png; path = "AppIcon60x60@2x.png"; sourceTree = "<group>"; };
		CE51904019A9B6D7002BF6C6 /* AppIcon72x72.png */ = {isa = PBXFileReference; lastKnownFileType = image.png; path = AppIcon72x72.png; sourceTree = "<group>"; };
		CE51904119A9B6D7002BF6C6 /* AppIcon72x72@2x.png */ = {isa = PBXFileReference; lastKnownFileType = image.png; path = "AppIcon72x72@2x.png"; sourceTree = "<group>"; };
		CE51904219A9B6D7002BF6C6 /* AppIcon76x76.png */ = {isa = PBXFileReference; lastKnownFileType = image.png; path = AppIcon76x76.png; sourceTree = "<group>"; };
		CE51904319A9B6D7002BF6C6 /* AppIcon76x76@2x.png */ = {isa = PBXFileReference; lastKnownFileType = image.png; path = "AppIcon76x76@2x.png"; sourceTree = "<group>"; };
		CE51904419A9B6D7002BF6C6 /* iTunesArtwork.png */ = {isa = PBXFileReference; lastKnownFileType = image.png; path = iTunesArtwork.png; sourceTree = "<group>"; };
		CE51904519A9B6D7002BF6C6 /* iTunesArtwork@2x.png */ = {isa = PBXFileReference; lastKnownFileType = image.png; path = "iTunesArtwork@2x.png"; sourceTree = "<group>"; };
		CE51905619A9B7D9002BF6C6 /* AppIcon120x120.png */ = {isa = PBXFileReference; lastKnownFileType = image.png; path = AppIcon120x120.png; sourceTree = "<group>"; };
		CE5190A119A9CA64002BF6C6 /* AppIcon80x80@2x.png */ = {isa = PBXFileReference; lastKnownFileType = image.png; path = "AppIcon80x80@2x.png"; sourceTree = "<group>"; };
		CE5190A319A9CA92002BF6C6 /* AppIcon58x58@2x.png */ = {isa = PBXFileReference; lastKnownFileType = image.png; path = "AppIcon58x58@2x.png"; sourceTree = "<group>"; };
		CE5190A519A9CAE6002BF6C6 /* AppIcon58x58.png */ = {isa = PBXFileReference; lastKnownFileType = image.png; path = AppIcon58x58.png; sourceTree = "<group>"; };
		D70D23C519A9A4600072127F /* ProgressVC.m */ = {isa = PBXFileReference; fileEncoding = 4; lastKnownFileType = sourcecode.c.objc; path = ProgressVC.m; sourceTree = "<group>"; };
		D70D23C619A9A4600072127F /* ProgressCell.m */ = {isa = PBXFileReference; fileEncoding = 4; lastKnownFileType = sourcecode.c.objc; path = ProgressCell.m; sourceTree = "<group>"; };
		D70D23C719A9A4600072127F /* ProgressCell.xib */ = {isa = PBXFileReference; fileEncoding = 4; lastKnownFileType = file.xib; path = ProgressCell.xib; sourceTree = "<group>"; };
		D70D23C819A9A4600072127F /* ProgressVC.xib */ = {isa = PBXFileReference; fileEncoding = 4; lastKnownFileType = file.xib; path = ProgressVC.xib; sourceTree = "<group>"; };
		D70D23C919A9A4600072127F /* ProgressVC.h */ = {isa = PBXFileReference; fileEncoding = 4; lastKnownFileType = sourcecode.c.h; path = ProgressVC.h; sourceTree = "<group>"; };
		D70D23CA19A9A4600072127F /* ProgressUpdate.m */ = {isa = PBXFileReference; fileEncoding = 4; lastKnownFileType = sourcecode.c.objc; path = ProgressUpdate.m; sourceTree = "<group>"; };
		D70D23CB19A9A4600072127F /* ProgressUpdate.h */ = {isa = PBXFileReference; fileEncoding = 4; lastKnownFileType = sourcecode.c.h; path = ProgressUpdate.h; sourceTree = "<group>"; };
		D70D23CC19A9A4600072127F /* ProgressHeaderView.xib */ = {isa = PBXFileReference; fileEncoding = 4; lastKnownFileType = file.xib; path = ProgressHeaderView.xib; sourceTree = "<group>"; };
		D70D23CD19A9A4600072127F /* ProgressHeaderView.h */ = {isa = PBXFileReference; fileEncoding = 4; lastKnownFileType = sourcecode.c.h; path = ProgressHeaderView.h; sourceTree = "<group>"; };
		D70D23CE19A9A4600072127F /* ProgressHeaderView.m */ = {isa = PBXFileReference; fileEncoding = 4; lastKnownFileType = sourcecode.c.objc; path = ProgressHeaderView.m; sourceTree = "<group>"; };
		D70D23CF19A9A4600072127F /* ProgressCell.h */ = {isa = PBXFileReference; fileEncoding = 4; lastKnownFileType = sourcecode.c.h; path = ProgressCell.h; sourceTree = "<group>"; };
/* End PBXFileReference section */

/* Begin PBXFrameworksBuildPhase section */
		CE518FEC19A93E27002BF6C6 /* Frameworks */ = {
			isa = PBXFrameworksBuildPhase;
			buildActionMask = 2147483647;
			files = (
				08B0149819A9A04D0088F764 /* MultipeerConnectivity.framework in Frameworks */,
				CE51902D19A93F2C002BF6C6 /* CoreLocation.framework in Frameworks */,
				CE51902E19A93F2C002BF6C6 /* SystemConfiguration.framework in Frameworks */,
				CE51902A19A93F20002BF6C6 /* CoreBluetooth.framework in Frameworks */,
				CE51902819A93F17002BF6C6 /* libEstimoteSDK.a in Frameworks */,
				CE518FF519A93E27002BF6C6 /* CoreGraphics.framework in Frameworks */,
				CE518FF719A93E27002BF6C6 /* UIKit.framework in Frameworks */,
				CE518FF319A93E27002BF6C6 /* Foundation.framework in Frameworks */,
				A13BE50BBEC946369F4C5587 /* libPods.a in Frameworks */,
			);
			runOnlyForDeploymentPostprocessing = 0;
		};
		CE51900D19A93E27002BF6C6 /* Frameworks */ = {
			isa = PBXFrameworksBuildPhase;
			buildActionMask = 2147483647;
			files = (
				CE51901219A93E27002BF6C6 /* XCTest.framework in Frameworks */,
				CE51901419A93E27002BF6C6 /* UIKit.framework in Frameworks */,
				CE51901319A93E27002BF6C6 /* Foundation.framework in Frameworks */,
			);
			runOnlyForDeploymentPostprocessing = 0;
		};
/* End PBXFrameworksBuildPhase section */

/* Begin PBXGroup section */
		08B0148A19A99F090088F764 /* Models */ = {
			isa = PBXGroup;
			children = (
				08B0148B19A99F630088F764 /* SessionContainer.h */,
				08B0148C19A99F630088F764 /* SessionContainer.m */,
				08B0148D19A99F630088F764 /* ProgressObserver.h */,
				08B0148E19A99F630088F764 /* ProgressObserver.m */,
				08B0148F19A99F630088F764 /* Transcript.h */,
				08B0149019A99F630088F764 /* Transcript.m */,
			);
			name = Models;
			sourceTree = "<group>";
		};
		CE518FE619A93E27002BF6C6 = {
			isa = PBXGroup;
			children = (
				CE518FF819A93E27002BF6C6 /* Sccavngr */,
				CE51901719A93E27002BF6C6 /* SccavngrTests */,
				CE518FF119A93E27002BF6C6 /* Frameworks */,
				CE518FF019A93E27002BF6C6 /* Products */,
				C3AC438B9B024EAFBED8BBC8 /* Pods.xcconfig */,
			);
			sourceTree = "<group>";
		};
		CE518FF019A93E27002BF6C6 /* Products */ = {
			isa = PBXGroup;
			children = (
				CE518FEF19A93E27002BF6C6 /* Sccavngr.app */,
				CE51901019A93E27002BF6C6 /* SccavngrTests.xctest */,
			);
			name = Products;
			sourceTree = "<group>";
		};
		CE518FF119A93E27002BF6C6 /* Frameworks */ = {
			isa = PBXGroup;
			children = (
				08B0149719A9A04D0088F764 /* MultipeerConnectivity.framework */,
				CE51902B19A93F2C002BF6C6 /* CoreLocation.framework */,
				CE51902C19A93F2C002BF6C6 /* SystemConfiguration.framework */,
				CE51902919A93F20002BF6C6 /* CoreBluetooth.framework */,
				CE51902719A93F17002BF6C6 /* libEstimoteSDK.a */,
				CE518FF219A93E27002BF6C6 /* Foundation.framework */,
				CE518FF419A93E27002BF6C6 /* CoreGraphics.framework */,
				CE518FF619A93E27002BF6C6 /* UIKit.framework */,
				CE51901119A93E27002BF6C6 /* XCTest.framework */,
				BA3D2E6A08D84405A6F65471 /* libPods.a */,
			);
			name = Frameworks;
			sourceTree = "<group>";
		};
		CE518FF819A93E27002BF6C6 /* Sccavngr */ = {
			isa = PBXGroup;
			children = (
				D70D23C519A9A4600072127F /* ProgressVC.m */,
				D70D23C619A9A4600072127F /* ProgressCell.m */,
				D70D23C719A9A4600072127F /* ProgressCell.xib */,
				D70D23C819A9A4600072127F /* ProgressVC.xib */,
				D70D23C919A9A4600072127F /* ProgressVC.h */,
				D70D23CA19A9A4600072127F /* ProgressUpdate.m */,
				D70D23CB19A9A4600072127F /* ProgressUpdate.h */,
				D70D23CC19A9A4600072127F /* ProgressHeaderView.xib */,
				D70D23CD19A9A4600072127F /* ProgressHeaderView.h */,
				D70D23CE19A9A4600072127F /* ProgressHeaderView.m */,
				D70D23CF19A9A4600072127F /* ProgressCell.h */,
				08B0148A19A99F090088F764 /* Models */,
				CE51900119A93E27002BF6C6 /* AppDelegate.h */,
				CE51900219A93E27002BF6C6 /* AppDelegate.m */,
				08B0149519A99FC90088F764 /* HotAndColdViewController.h */,
				08B0149419A99FC90088F764 /* HotAndColdViewController.m */,
				CE51900419A93E27002BF6C6 /* Main.storyboard */,
				CE51903219A9ADBD002BF6C6 /* BeaconEngine.h */,
				CE51903319A9ADBD002BF6C6 /* BeaconEngine.m */,
				CE51900A19A93E27002BF6C6 /* Images.xcassets */,
				CE518FF919A93E27002BF6C6 /* Supporting Files */,
				CE51902F19A945A7002BF6C6 /* TableViewCell.h */,
				CE51903019A945A7002BF6C6 /* TableViewCell.m */,
			);
			path = Sccavngr;
			sourceTree = "<group>";
		};
		CE518FF919A93E27002BF6C6 /* Supporting Files */ = {
			isa = PBXGroup;
			children = (
				CE51903519A9B6B9002BF6C6 /* Images */,
				CE518FFA19A93E27002BF6C6 /* Sccavngr-Info.plist */,
				CE518FFB19A93E27002BF6C6 /* InfoPlist.strings */,
				CE518FFE19A93E27002BF6C6 /* main.m */,
				CE51900019A93E27002BF6C6 /* Sccavngr-Prefix.pch */,
			);
			name = "Supporting Files";
			sourceTree = "<group>";
		};
		CE51901719A93E27002BF6C6 /* SccavngrTests */ = {
			isa = PBXGroup;
			children = (
				CE51901D19A93E27002BF6C6 /* SccavngrTests.m */,
				CE51901819A93E27002BF6C6 /* Supporting Files */,
			);
			path = SccavngrTests;
			sourceTree = "<group>";
		};
		CE51901819A93E27002BF6C6 /* Supporting Files */ = {
			isa = PBXGroup;
			children = (
				CE51901919A93E27002BF6C6 /* SccavngrTests-Info.plist */,
				CE51901A19A93E27002BF6C6 /* InfoPlist.strings */,
			);
			name = "Supporting Files";
			sourceTree = "<group>";
		};
		CE51903519A9B6B9002BF6C6 /* Images */ = {
			isa = PBXGroup;
			children = (
				CE51903619A9B6D7002BF6C6 /* AppIcon29x29.png */,
				CE51903719A9B6D7002BF6C6 /* AppIcon29x29@2x.png */,
				CE51903819A9B6D7002BF6C6 /* AppIcon40x40.png */,
				CE51903919A9B6D7002BF6C6 /* AppIcon40x40@2x.png */,
				CE51903A19A9B6D7002BF6C6 /* AppIcon50x50.png */,
				CE51903B19A9B6D7002BF6C6 /* AppIcon50x50@2x.png */,
				CE51903C19A9B6D7002BF6C6 /* AppIcon57x57.png */,
				CE51903D19A9B6D7002BF6C6 /* AppIcon57x57@2x.png */,
				CE51903E19A9B6D7002BF6C6 /* AppIcon60x60.png */,
				CE51903F19A9B6D7002BF6C6 /* AppIcon60x60@2x.png */,
				CE51904019A9B6D7002BF6C6 /* AppIcon72x72.png */,
				CE51904119A9B6D7002BF6C6 /* AppIcon72x72@2x.png */,
				CE5190A519A9CAE6002BF6C6 /* AppIcon58x58.png */,
				CE5190A119A9CA64002BF6C6 /* AppIcon80x80@2x.png */,
				CE5190A319A9CA92002BF6C6 /* AppIcon58x58@2x.png */,
				CE51904219A9B6D7002BF6C6 /* AppIcon76x76.png */,
				CE51904319A9B6D7002BF6C6 /* AppIcon76x76@2x.png */,
				CE51905619A9B7D9002BF6C6 /* AppIcon120x120.png */,
				CE51904419A9B6D7002BF6C6 /* iTunesArtwork.png */,
				CE51904519A9B6D7002BF6C6 /* iTunesArtwork@2x.png */,
			);
			name = Images;
			sourceTree = "<group>";
		};
/* End PBXGroup section */

/* Begin PBXNativeTarget section */
		CE518FEE19A93E27002BF6C6 /* Sccavngr */ = {
			isa = PBXNativeTarget;
			buildConfigurationList = CE51902119A93E27002BF6C6 /* Build configuration list for PBXNativeTarget "Sccavngr" */;
			buildPhases = (
				DB408FCB1F844EA09E0F47E4 /* Check Pods Manifest.lock */,
				CE518FEB19A93E27002BF6C6 /* Sources */,
				CE518FEC19A93E27002BF6C6 /* Frameworks */,
				CE518FED19A93E27002BF6C6 /* Resources */,
				F6785889F0D2485A9D0B4DDE /* Copy Pods Resources */,
			);
			buildRules = (
			);
			dependencies = (
			);
			name = Sccavngr;
			productName = Sccavngr;
			productReference = CE518FEF19A93E27002BF6C6 /* Sccavngr.app */;
			productType = "com.apple.product-type.application";
		};
		CE51900F19A93E27002BF6C6 /* SccavngrTests */ = {
			isa = PBXNativeTarget;
			buildConfigurationList = CE51902419A93E27002BF6C6 /* Build configuration list for PBXNativeTarget "SccavngrTests" */;
			buildPhases = (
				CE51900C19A93E27002BF6C6 /* Sources */,
				CE51900D19A93E27002BF6C6 /* Frameworks */,
				CE51900E19A93E27002BF6C6 /* Resources */,
			);
			buildRules = (
			);
			dependencies = (
				CE51901619A93E27002BF6C6 /* PBXTargetDependency */,
			);
			name = SccavngrTests;
			productName = SccavngrTests;
			productReference = CE51901019A93E27002BF6C6 /* SccavngrTests.xctest */;
			productType = "com.apple.product-type.bundle.unit-test";
		};
/* End PBXNativeTarget section */

/* Begin PBXProject section */
		CE518FE719A93E27002BF6C6 /* Project object */ = {
			isa = PBXProject;
			attributes = {
				LastUpgradeCheck = 0600;
				ORGANIZATIONNAME = "___FULLUSERNAME___";
				TargetAttributes = {
					CE518FEE19A93E27002BF6C6 = {
						SystemCapabilities = {
							com.apple.BackgroundModes = {
								enabled = 1;
							};
						};
					};
					CE51900F19A93E27002BF6C6 = {
						TestTargetID = CE518FEE19A93E27002BF6C6;
					};
				};
			};
			buildConfigurationList = CE518FEA19A93E27002BF6C6 /* Build configuration list for PBXProject "Sccavngr" */;
			compatibilityVersion = "Xcode 3.2";
			developmentRegion = English;
			hasScannedForEncodings = 0;
			knownRegions = (
				en,
				Base,
			);
			mainGroup = CE518FE619A93E27002BF6C6;
			productRefGroup = CE518FF019A93E27002BF6C6 /* Products */;
			projectDirPath = "";
			projectRoot = "";
			targets = (
				CE518FEE19A93E27002BF6C6 /* Sccavngr */,
				CE51900F19A93E27002BF6C6 /* SccavngrTests */,
			);
		};
/* End PBXProject section */

/* Begin PBXResourcesBuildPhase section */
		CE518FED19A93E27002BF6C6 /* Resources */ = {
			isa = PBXResourcesBuildPhase;
			buildActionMask = 2147483647;
			files = (
				CE51900B19A93E27002BF6C6 /* Images.xcassets in Resources */,
				CE51904E19A9B6D7002BF6C6 /* AppIcon60x60.png in Resources */,
				CE51904819A9B6D7002BF6C6 /* AppIcon40x40.png in Resources */,
				CE51904919A9B6D7002BF6C6 /* AppIcon40x40@2x.png in Resources */,
				CE5190A419A9CA92002BF6C6 /* AppIcon58x58@2x.png in Resources */,
				CE51904719A9B6D7002BF6C6 /* AppIcon29x29@2x.png in Resources */,
				D742FC8E19A9C040009FBCE5 /* InfoPlist.strings in Resources */,
				CE5190A619A9CAE6002BF6C6 /* AppIcon58x58.png in Resources */,
				CE51905419A9B6D7002BF6C6 /* iTunesArtwork.png in Resources */,
				CE51904B19A9B6D7002BF6C6 /* AppIcon50x50@2x.png in Resources */,
				D70D23D319A9A4600072127F /* ProgressVC.xib in Resources */,
				D70D23D519A9A4600072127F /* ProgressHeaderView.xib in Resources */,
				D70D23D219A9A4600072127F /* ProgressCell.xib in Resources */,
				CE51900619A93E27002BF6C6 /* Main.storyboard in Resources */,
				CE51904C19A9B6D7002BF6C6 /* AppIcon57x57.png in Resources */,
				CE51904619A9B6D7002BF6C6 /* AppIcon29x29.png in Resources */,
				CE51904F19A9B6D7002BF6C6 /* AppIcon60x60@2x.png in Resources */,
				CE51904D19A9B6D7002BF6C6 /* AppIcon57x57@2x.png in Resources */,
				CE51905719A9B7D9002BF6C6 /* AppIcon120x120.png in Resources */,
				CE51905519A9B6D7002BF6C6 /* iTunesArtwork@2x.png in Resources */,
				CE5190A219A9CA64002BF6C6 /* AppIcon80x80@2x.png in Resources */,
				CE51904A19A9B6D7002BF6C6 /* AppIcon50x50.png in Resources */,
				CE51905019A9B6D7002BF6C6 /* AppIcon72x72.png in Resources */,
				CE51905119A9B6D7002BF6C6 /* AppIcon72x72@2x.png in Resources */,
				CE51905319A9B6D7002BF6C6 /* AppIcon76x76@2x.png in Resources */,
				CE51905219A9B6D7002BF6C6 /* AppIcon76x76.png in Resources */,
			);
			runOnlyForDeploymentPostprocessing = 0;
		};
		CE51900E19A93E27002BF6C6 /* Resources */ = {
			isa = PBXResourcesBuildPhase;
			buildActionMask = 2147483647;
			files = (
				CE51901C19A93E27002BF6C6 /* InfoPlist.strings in Resources */,
			);
			runOnlyForDeploymentPostprocessing = 0;
		};
/* End PBXResourcesBuildPhase section */

/* Begin PBXShellScriptBuildPhase section */
		DB408FCB1F844EA09E0F47E4 /* Check Pods Manifest.lock */ = {
			isa = PBXShellScriptBuildPhase;
			buildActionMask = 2147483647;
			files = (
			);
			inputPaths = (
			);
			name = "Check Pods Manifest.lock";
			outputPaths = (
			);
			runOnlyForDeploymentPostprocessing = 0;
			shellPath = /bin/sh;
			shellScript = "diff \"${PODS_ROOT}/../Podfile.lock\" \"${PODS_ROOT}/Manifest.lock\" > /dev/null\nif [[ $? != 0 ]] ; then\n    cat << EOM\nerror: The sandbox is not in sync with the Podfile.lock. Run 'pod install' or update your CocoaPods installation.\nEOM\n    exit 1\nfi\n";
			showEnvVarsInLog = 0;
		};
		F6785889F0D2485A9D0B4DDE /* Copy Pods Resources */ = {
			isa = PBXShellScriptBuildPhase;
			buildActionMask = 2147483647;
			files = (
			);
			inputPaths = (
			);
			name = "Copy Pods Resources";
			outputPaths = (
			);
			runOnlyForDeploymentPostprocessing = 0;
			shellPath = /bin/sh;
			shellScript = "\"${SRCROOT}/Pods/Pods-resources.sh\"\n";
			showEnvVarsInLog = 0;
		};
/* End PBXShellScriptBuildPhase section */

/* Begin PBXSourcesBuildPhase section */
		CE518FEB19A93E27002BF6C6 /* Sources */ = {
			isa = PBXSourcesBuildPhase;
			buildActionMask = 2147483647;
			files = (
				CE51903419A9ADBD002BF6C6 /* BeaconEngine.m in Sources */,
				CE51903119A945A7002BF6C6 /* TableViewCell.m in Sources */,
				08B0149119A99F630088F764 /* SessionContainer.m in Sources */,
				CE51900319A93E27002BF6C6 /* AppDelegate.m in Sources */,
				08B0149619A99FC90088F764 /* HotAndColdViewController.m in Sources */,
				08B0149219A99F630088F764 /* ProgressObserver.m in Sources */,
				D70D23D419A9A4600072127F /* ProgressUpdate.m in Sources */,
				D70D23D119A9A4600072127F /* ProgressCell.m in Sources */,
				D70D23D619A9A4600072127F /* ProgressHeaderView.m in Sources */,
				CE518FFF19A93E27002BF6C6 /* main.m in Sources */,
				08B0149319A99F630088F764 /* Transcript.m in Sources */,
				D70D23D019A9A4600072127F /* ProgressVC.m in Sources */,
			);
			runOnlyForDeploymentPostprocessing = 0;
		};
		CE51900C19A93E27002BF6C6 /* Sources */ = {
			isa = PBXSourcesBuildPhase;
			buildActionMask = 2147483647;
			files = (
				CE51901E19A93E27002BF6C6 /* SccavngrTests.m in Sources */,
			);
			runOnlyForDeploymentPostprocessing = 0;
		};
/* End PBXSourcesBuildPhase section */

/* Begin PBXTargetDependency section */
		CE51901619A93E27002BF6C6 /* PBXTargetDependency */ = {
			isa = PBXTargetDependency;
			target = CE518FEE19A93E27002BF6C6 /* Sccavngr */;
			targetProxy = CE51901519A93E27002BF6C6 /* PBXContainerItemProxy */;
		};
/* End PBXTargetDependency section */

/* Begin PBXVariantGroup section */
		CE518FFB19A93E27002BF6C6 /* InfoPlist.strings */ = {
			isa = PBXVariantGroup;
			children = (
				CE518FFC19A93E27002BF6C6 /* en */,
			);
			name = InfoPlist.strings;
			sourceTree = "<group>";
		};
		CE51900419A93E27002BF6C6 /* Main.storyboard */ = {
			isa = PBXVariantGroup;
			children = (
				CE51900519A93E27002BF6C6 /* Base */,
			);
			name = Main.storyboard;
			sourceTree = "<group>";
		};
		CE51901A19A93E27002BF6C6 /* InfoPlist.strings */ = {
			isa = PBXVariantGroup;
			children = (
				CE51901B19A93E27002BF6C6 /* en */,
			);
			name = InfoPlist.strings;
			sourceTree = "<group>";
		};
/* End PBXVariantGroup section */

/* Begin XCBuildConfiguration section */
		CE51901F19A93E27002BF6C6 /* Debug */ = {
			isa = XCBuildConfiguration;
			buildSettings = {
				ALWAYS_SEARCH_USER_PATHS = NO;
				CLANG_CXX_LANGUAGE_STANDARD = "gnu++0x";
				CLANG_CXX_LIBRARY = "libc++";
				CLANG_ENABLE_MODULES = YES;
				CLANG_ENABLE_OBJC_ARC = YES;
				CLANG_WARN_BOOL_CONVERSION = YES;
				CLANG_WARN_CONSTANT_CONVERSION = YES;
				CLANG_WARN_DIRECT_OBJC_ISA_USAGE = YES_ERROR;
				CLANG_WARN_EMPTY_BODY = YES;
				CLANG_WARN_ENUM_CONVERSION = YES;
				CLANG_WARN_INT_CONVERSION = YES;
				CLANG_WARN_OBJC_ROOT_CLASS = YES_ERROR;
				CLANG_WARN__DUPLICATE_METHOD_MATCH = YES;
				"CODE_SIGN_IDENTITY[sdk=iphoneos*]" = "iPhone Developer";
				COPY_PHASE_STRIP = NO;
				GCC_C_LANGUAGE_STANDARD = gnu99;
				GCC_DYNAMIC_NO_PIC = NO;
				GCC_OPTIMIZATION_LEVEL = 0;
				GCC_PREPROCESSOR_DEFINITIONS = (
					"DEBUG=1",
					"$(inherited)",
				);
				GCC_SYMBOLS_PRIVATE_EXTERN = NO;
				GCC_WARN_64_TO_32_BIT_CONVERSION = YES;
				GCC_WARN_ABOUT_RETURN_TYPE = YES_ERROR;
				GCC_WARN_UNDECLARED_SELECTOR = YES;
				GCC_WARN_UNINITIALIZED_AUTOS = YES_AGGRESSIVE;
				GCC_WARN_UNUSED_FUNCTION = YES;
				GCC_WARN_UNUSED_VARIABLE = YES;
				IPHONEOS_DEPLOYMENT_TARGET = 7.1;
				ONLY_ACTIVE_ARCH = YES;
				SDKROOT = iphoneos;
			};
			name = Debug;
		};
		CE51902019A93E27002BF6C6 /* Release */ = {
			isa = XCBuildConfiguration;
			buildSettings = {
				ALWAYS_SEARCH_USER_PATHS = NO;
				CLANG_CXX_LANGUAGE_STANDARD = "gnu++0x";
				CLANG_CXX_LIBRARY = "libc++";
				CLANG_ENABLE_MODULES = YES;
				CLANG_ENABLE_OBJC_ARC = YES;
				CLANG_WARN_BOOL_CONVERSION = YES;
				CLANG_WARN_CONSTANT_CONVERSION = YES;
				CLANG_WARN_DIRECT_OBJC_ISA_USAGE = YES_ERROR;
				CLANG_WARN_EMPTY_BODY = YES;
				CLANG_WARN_ENUM_CONVERSION = YES;
				CLANG_WARN_INT_CONVERSION = YES;
				CLANG_WARN_OBJC_ROOT_CLASS = YES_ERROR;
				CLANG_WARN__DUPLICATE_METHOD_MATCH = YES;
				"CODE_SIGN_IDENTITY[sdk=iphoneos*]" = "iPhone Developer";
				COPY_PHASE_STRIP = YES;
				ENABLE_NS_ASSERTIONS = NO;
				GCC_C_LANGUAGE_STANDARD = gnu99;
				GCC_WARN_64_TO_32_BIT_CONVERSION = YES;
				GCC_WARN_ABOUT_RETURN_TYPE = YES_ERROR;
				GCC_WARN_UNDECLARED_SELECTOR = YES;
				GCC_WARN_UNINITIALIZED_AUTOS = YES_AGGRESSIVE;
				GCC_WARN_UNUSED_FUNCTION = YES;
				GCC_WARN_UNUSED_VARIABLE = YES;
				IPHONEOS_DEPLOYMENT_TARGET = 7.1;
				SDKROOT = iphoneos;
				VALIDATE_PRODUCT = YES;
			};
			name = Release;
		};
		CE51902219A93E27002BF6C6 /* Debug */ = {
			isa = XCBuildConfiguration;
			baseConfigurationReference = C3AC438B9B024EAFBED8BBC8 /* Pods.xcconfig */;
			buildSettings = {
				ASSETCATALOG_COMPILER_LAUNCHIMAGE_NAME = LaunchImage;
				GCC_PRECOMPILE_PREFIX_HEADER = YES;
				GCC_PREFIX_HEADER = "Sccavngr/Sccavngr-Prefix.pch";
				HEADER_SEARCH_PATHS = (
					"$(inherited)",
					/Applications/Xcode.app/Contents/Developer/Toolchains/XcodeDefault.xctoolchain/usr/include,
					"$(SRCROOT)/EstimoteSDK/Headers",
				);
				INFOPLIST_FILE = "Sccavngr/Sccavngr-Info.plist";
				LIBRARY_SEARCH_PATHS = (
					"$(inherited)",
					"$(PROJECT_DIR)/EstimoteSDK",
				);
				PRODUCT_NAME = "$(TARGET_NAME)";
				WRAPPER_EXTENSION = app;
			};
			name = Debug;
		};
		CE51902319A93E27002BF6C6 /* Release */ = {
			isa = XCBuildConfiguration;
			baseConfigurationReference = C3AC438B9B024EAFBED8BBC8 /* Pods.xcconfig */;
			buildSettings = {
				ASSETCATALOG_COMPILER_LAUNCHIMAGE_NAME = LaunchImage;
				GCC_PRECOMPILE_PREFIX_HEADER = YES;
				GCC_PREFIX_HEADER = "Sccavngr/Sccavngr-Prefix.pch";
				HEADER_SEARCH_PATHS = (
					"$(inherited)",
					/Applications/Xcode.app/Contents/Developer/Toolchains/XcodeDefault.xctoolchain/usr/include,
					"$(SRCROOT)/EstimoteSDK/Headers",
				);
				INFOPLIST_FILE = "Sccavngr/Sccavngr-Info.plist";
				LIBRARY_SEARCH_PATHS = (
					"$(inherited)",
					"$(PROJECT_DIR)/EstimoteSDK",
				);
				PRODUCT_NAME = "$(TARGET_NAME)";
				WRAPPER_EXTENSION = app;
			};
			name = Release;
		};
		CE51902519A93E27002BF6C6 /* Debug */ = {
			isa = XCBuildConfiguration;
			buildSettings = {
				BUNDLE_LOADER = "$(BUILT_PRODUCTS_DIR)/Sccavngr.app/Sccavngr";
				FRAMEWORK_SEARCH_PATHS = (
					"$(SDKROOT)/Developer/Library/Frameworks",
					"$(inherited)",
					"$(DEVELOPER_FRAMEWORKS_DIR)",
				);
				GCC_PRECOMPILE_PREFIX_HEADER = YES;
				GCC_PREFIX_HEADER = "Sccavngr/Sccavngr-Prefix.pch";
				GCC_PREPROCESSOR_DEFINITIONS = (
					"DEBUG=1",
					"$(inherited)",
				);
				INFOPLIST_FILE = "SccavngrTests/SccavngrTests-Info.plist";
				PRODUCT_NAME = "$(TARGET_NAME)";
				TEST_HOST = "$(BUNDLE_LOADER)";
				WRAPPER_EXTENSION = xctest;
			};
			name = Debug;
		};
		CE51902619A93E27002BF6C6 /* Release */ = {
			isa = XCBuildConfiguration;
			buildSettings = {
				BUNDLE_LOADER = "$(BUILT_PRODUCTS_DIR)/Sccavngr.app/Sccavngr";
				FRAMEWORK_SEARCH_PATHS = (
					"$(SDKROOT)/Developer/Library/Frameworks",
					"$(inherited)",
					"$(DEVELOPER_FRAMEWORKS_DIR)",
				);
				GCC_PRECOMPILE_PREFIX_HEADER = YES;
				GCC_PREFIX_HEADER = "Sccavngr/Sccavngr-Prefix.pch";
				INFOPLIST_FILE = "SccavngrTests/SccavngrTests-Info.plist";
				PRODUCT_NAME = "$(TARGET_NAME)";
				TEST_HOST = "$(BUNDLE_LOADER)";
				WRAPPER_EXTENSION = xctest;
			};
			name = Release;
		};
/* End XCBuildConfiguration section */

/* Begin XCConfigurationList section */
		CE518FEA19A93E27002BF6C6 /* Build configuration list for PBXProject "Sccavngr" */ = {
			isa = XCConfigurationList;
			buildConfigurations = (
				CE51901F19A93E27002BF6C6 /* Debug */,
				CE51902019A93E27002BF6C6 /* Release */,
			);
			defaultConfigurationIsVisible = 0;
			defaultConfigurationName = Release;
		};
		CE51902119A93E27002BF6C6 /* Build configuration list for PBXNativeTarget "Sccavngr" */ = {
			isa = XCConfigurationList;
			buildConfigurations = (
				CE51902219A93E27002BF6C6 /* Debug */,
				CE51902319A93E27002BF6C6 /* Release */,
			);
			defaultConfigurationIsVisible = 0;
			defaultConfigurationName = Release;
		};
		CE51902419A93E27002BF6C6 /* Build configuration list for PBXNativeTarget "SccavngrTests" */ = {
			isa = XCConfigurationList;
			buildConfigurations = (
				CE51902519A93E27002BF6C6 /* Debug */,
				CE51902619A93E27002BF6C6 /* Release */,
			);
			defaultConfigurationIsVisible = 0;
			defaultConfigurationName = Release;
		};
/* End XCConfigurationList section */
	};
	rootObject = CE518FE719A93E27002BF6C6 /* Project object */;
}
