// !$*UTF8*$!
{
	archiveVersion = 1;
	classes = {
	};
	objectVersion = 46;
	objects = {

/* Begin PBXBuildFile section */
		CE77A5AB19A925990093094E /* Foundation.framework in Frameworks */ = {isa = PBXBuildFile; fileRef = CE77A5AA19A925990093094E /* Foundation.framework */; };
		CE77A5AD19A925990093094E /* CoreGraphics.framework in Frameworks */ = {isa = PBXBuildFile; fileRef = CE77A5AC19A925990093094E /* CoreGraphics.framework */; };
		CE77A5AF19A925990093094E /* UIKit.framework in Frameworks */ = {isa = PBXBuildFile; fileRef = CE77A5AE19A925990093094E /* UIKit.framework */; };
		CE77A5B519A925990093094E /* InfoPlist.strings in Resources */ = {isa = PBXBuildFile; fileRef = CE77A5B319A925990093094E /* InfoPlist.strings */; };
		CE77A5B719A925990093094E /* main.m in Sources */ = {isa = PBXBuildFile; fileRef = CE77A5B619A925990093094E /* main.m */; };
		CE77A5BB19A925990093094E /* AppDelegate.m in Sources */ = {isa = PBXBuildFile; fileRef = CE77A5BA19A925990093094E /* AppDelegate.m */; };
		CE77A5BE19A925990093094E /* Main_iPhone.storyboard in Resources */ = {isa = PBXBuildFile; fileRef = CE77A5BC19A925990093094E /* Main_iPhone.storyboard */; };
		CE77A5C119A925990093094E /* Main_iPad.storyboard in Resources */ = {isa = PBXBuildFile; fileRef = CE77A5BF19A925990093094E /* Main_iPad.storyboard */; };
		CE77A5C419A925990093094E /* ViewController.m in Sources */ = {isa = PBXBuildFile; fileRef = CE77A5C319A925990093094E /* ViewController.m */; };
		CE77A5C619A925990093094E /* Images.xcassets in Resources */ = {isa = PBXBuildFile; fileRef = CE77A5C519A925990093094E /* Images.xcassets */; };
		CE77A5CD19A925990093094E /* XCTest.framework in Frameworks */ = {isa = PBXBuildFile; fileRef = CE77A5CC19A925990093094E /* XCTest.framework */; };
		CE77A5CE19A925990093094E /* Foundation.framework in Frameworks */ = {isa = PBXBuildFile; fileRef = CE77A5AA19A925990093094E /* Foundation.framework */; };
		CE77A5CF19A925990093094E /* UIKit.framework in Frameworks */ = {isa = PBXBuildFile; fileRef = CE77A5AE19A925990093094E /* UIKit.framework */; };
		CE77A5D719A925990093094E /* InfoPlist.strings in Resources */ = {isa = PBXBuildFile; fileRef = CE77A5D519A925990093094E /* InfoPlist.strings */; };
		CE77A5D919A925990093094E /* ScavngrTests.m in Sources */ = {isa = PBXBuildFile; fileRef = CE77A5D819A925990093094E /* ScavngrTests.m */; };
/* End PBXBuildFile section */

/* Begin PBXContainerItemProxy section */
		CE77A5D019A925990093094E /* PBXContainerItemProxy */ = {
			isa = PBXContainerItemProxy;
			containerPortal = CE77A59F19A925990093094E /* Project object */;
			proxyType = 1;
			remoteGlobalIDString = CE77A5A619A925990093094E;
			remoteInfo = Scavngr;
		};
/* End PBXContainerItemProxy section */

/* Begin PBXFileReference section */
		CE77A5A719A925990093094E /* Scavngr.app */ = {isa = PBXFileReference; explicitFileType = wrapper.application; includeInIndex = 0; path = Scavngr.app; sourceTree = BUILT_PRODUCTS_DIR; };
		CE77A5AA19A925990093094E /* Foundation.framework */ = {isa = PBXFileReference; lastKnownFileType = wrapper.framework; name = Foundation.framework; path = System/Library/Frameworks/Foundation.framework; sourceTree = SDKROOT; };
		CE77A5AC19A925990093094E /* CoreGraphics.framework */ = {isa = PBXFileReference; lastKnownFileType = wrapper.framework; name = CoreGraphics.framework; path = System/Library/Frameworks/CoreGraphics.framework; sourceTree = SDKROOT; };
		CE77A5AE19A925990093094E /* UIKit.framework */ = {isa = PBXFileReference; lastKnownFileType = wrapper.framework; name = UIKit.framework; path = System/Library/Frameworks/UIKit.framework; sourceTree = SDKROOT; };
		CE77A5B219A925990093094E /* Scavngr-Info.plist */ = {isa = PBXFileReference; lastKnownFileType = text.plist.xml; path = "Scavngr-Info.plist"; sourceTree = "<group>"; };
		CE77A5B419A925990093094E /* en */ = {isa = PBXFileReference; lastKnownFileType = text.plist.strings; name = en; path = en.lproj/InfoPlist.strings; sourceTree = "<group>"; };
		CE77A5B619A925990093094E /* main.m */ = {isa = PBXFileReference; lastKnownFileType = sourcecode.c.objc; path = main.m; sourceTree = "<group>"; };
		CE77A5B819A925990093094E /* Scavngr-Prefix.pch */ = {isa = PBXFileReference; lastKnownFileType = sourcecode.c.h; path = "Scavngr-Prefix.pch"; sourceTree = "<group>"; };
		CE77A5B919A925990093094E /* AppDelegate.h */ = {isa = PBXFileReference; lastKnownFileType = sourcecode.c.h; path = AppDelegate.h; sourceTree = "<group>"; };
		CE77A5BA19A925990093094E /* AppDelegate.m */ = {isa = PBXFileReference; lastKnownFileType = sourcecode.c.objc; path = AppDelegate.m; sourceTree = "<group>"; };
		CE77A5BD19A925990093094E /* Base */ = {isa = PBXFileReference; lastKnownFileType = file.storyboard; name = Base; path = Base.lproj/Main_iPhone.storyboard; sourceTree = "<group>"; };
		CE77A5C019A925990093094E /* Base */ = {isa = PBXFileReference; lastKnownFileType = file.storyboard; name = Base; path = Base.lproj/Main_iPad.storyboard; sourceTree = "<group>"; };
		CE77A5C219A925990093094E /* ViewController.h */ = {isa = PBXFileReference; lastKnownFileType = sourcecode.c.h; path = ViewController.h; sourceTree = "<group>"; };
		CE77A5C319A925990093094E /* ViewController.m */ = {isa = PBXFileReference; lastKnownFileType = sourcecode.c.objc; path = ViewController.m; sourceTree = "<group>"; };
		CE77A5C519A925990093094E /* Images.xcassets */ = {isa = PBXFileReference; lastKnownFileType = folder.assetcatalog; path = Images.xcassets; sourceTree = "<group>"; };
		CE77A5CB19A925990093094E /* ScavngrTests.xctest */ = {isa = PBXFileReference; explicitFileType = wrapper.cfbundle; includeInIndex = 0; path = ScavngrTests.xctest; sourceTree = BUILT_PRODUCTS_DIR; };
		CE77A5CC19A925990093094E /* XCTest.framework */ = {isa = PBXFileReference; lastKnownFileType = wrapper.framework; name = XCTest.framework; path = Library/Frameworks/XCTest.framework; sourceTree = DEVELOPER_DIR; };
		CE77A5D419A925990093094E /* ScavngrTests-Info.plist */ = {isa = PBXFileReference; lastKnownFileType = text.plist.xml; path = "ScavngrTests-Info.plist"; sourceTree = "<group>"; };
		CE77A5D619A925990093094E /* en */ = {isa = PBXFileReference; lastKnownFileType = text.plist.strings; name = en; path = en.lproj/InfoPlist.strings; sourceTree = "<group>"; };
		CE77A5D819A925990093094E /* ScavngrTests.m */ = {isa = PBXFileReference; lastKnownFileType = sourcecode.c.objc; path = ScavngrTests.m; sourceTree = "<group>"; };
/* End PBXFileReference section */

/* Begin PBXFrameworksBuildPhase section */
		CE77A5A419A925990093094E /* Frameworks */ = {
			isa = PBXFrameworksBuildPhase;
			buildActionMask = 2147483647;
			files = (
				CE77A5AD19A925990093094E /* CoreGraphics.framework in Frameworks */,
				CE77A5AF19A925990093094E /* UIKit.framework in Frameworks */,
				CE77A5AB19A925990093094E /* Foundation.framework in Frameworks */,
			);
			runOnlyForDeploymentPostprocessing = 0;
		};
		CE77A5C819A925990093094E /* Frameworks */ = {
			isa = PBXFrameworksBuildPhase;
			buildActionMask = 2147483647;
			files = (
				CE77A5CD19A925990093094E /* XCTest.framework in Frameworks */,
				CE77A5CF19A925990093094E /* UIKit.framework in Frameworks */,
				CE77A5CE19A925990093094E /* Foundation.framework in Frameworks */,
			);
			runOnlyForDeploymentPostprocessing = 0;
		};
/* End PBXFrameworksBuildPhase section */

/* Begin PBXGroup section */
		CE77A59E19A925990093094E = {
			isa = PBXGroup;
			children = (
				CE77A5B019A925990093094E /* Scavngr */,
				CE77A5D219A925990093094E /* ScavngrTests */,
				CE77A5A919A925990093094E /* Frameworks */,
				CE77A5A819A925990093094E /* Products */,
			);
			sourceTree = "<group>";
		};
		CE77A5A819A925990093094E /* Products */ = {
			isa = PBXGroup;
			children = (
				CE77A5A719A925990093094E /* Scavngr.app */,
				CE77A5CB19A925990093094E /* ScavngrTests.xctest */,
			);
			name = Products;
			sourceTree = "<group>";
		};
		CE77A5A919A925990093094E /* Frameworks */ = {
			isa = PBXGroup;
			children = (
				CE77A5AA19A925990093094E /* Foundation.framework */,
				CE77A5AC19A925990093094E /* CoreGraphics.framework */,
				CE77A5AE19A925990093094E /* UIKit.framework */,
				CE77A5CC19A925990093094E /* XCTest.framework */,
			);
			name = Frameworks;
			sourceTree = "<group>";
		};
		CE77A5B019A925990093094E /* Scavngr */ = {
			isa = PBXGroup;
			children = (
				CE77A5B919A925990093094E /* AppDelegate.h */,
				CE77A5BA19A925990093094E /* AppDelegate.m */,
				CE77A5BC19A925990093094E /* Main_iPhone.storyboard */,
				CE77A5BF19A925990093094E /* Main_iPad.storyboard */,
				CE77A5C219A925990093094E /* ViewController.h */,
				CE77A5C319A925990093094E /* ViewController.m */,
				CE77A5C519A925990093094E /* Images.xcassets */,
				CE77A5B119A925990093094E /* Supporting Files */,
			);
			path = Scavngr;
			sourceTree = "<group>";
		};
		CE77A5B119A925990093094E /* Supporting Files */ = {
			isa = PBXGroup;
			children = (
				CE77A5B219A925990093094E /* Scavngr-Info.plist */,
				CE77A5B319A925990093094E /* InfoPlist.strings */,
				CE77A5B619A925990093094E /* main.m */,
				CE77A5B819A925990093094E /* Scavngr-Prefix.pch */,
			);
			name = "Supporting Files";
			sourceTree = "<group>";
		};
		CE77A5D219A925990093094E /* ScavngrTests */ = {
			isa = PBXGroup;
			children = (
				CE77A5D819A925990093094E /* ScavngrTests.m */,
				CE77A5D319A925990093094E /* Supporting Files */,
			);
			path = ScavngrTests;
			sourceTree = "<group>";
		};
		CE77A5D319A925990093094E /* Supporting Files */ = {
			isa = PBXGroup;
			children = (
				CE77A5D419A925990093094E /* ScavngrTests-Info.plist */,
				CE77A5D519A925990093094E /* InfoPlist.strings */,
			);
			name = "Supporting Files";
			sourceTree = "<group>";
		};
/* End PBXGroup section */

/* Begin PBXNativeTarget section */
		CE77A5A619A925990093094E /* Scavngr */ = {
			isa = PBXNativeTarget;
			buildConfigurationList = CE77A5DC19A925990093094E /* Build configuration list for PBXNativeTarget "Scavngr" */;
			buildPhases = (
				CE77A5A319A925990093094E /* Sources */,
				CE77A5A419A925990093094E /* Frameworks */,
				CE77A5A519A925990093094E /* Resources */,
			);
			buildRules = (
			);
			dependencies = (
			);
			name = Scavngr;
			productName = Scavngr;
			productReference = CE77A5A719A925990093094E /* Scavngr.app */;
			productType = "com.apple.product-type.application";
		};
		CE77A5CA19A925990093094E /* ScavngrTests */ = {
			isa = PBXNativeTarget;
			buildConfigurationList = CE77A5DF19A925990093094E /* Build configuration list for PBXNativeTarget "ScavngrTests" */;
			buildPhases = (
				CE77A5C719A925990093094E /* Sources */,
				CE77A5C819A925990093094E /* Frameworks */,
				CE77A5C919A925990093094E /* Resources */,
			);
			buildRules = (
			);
			dependencies = (
				CE77A5D119A925990093094E /* PBXTargetDependency */,
			);
			name = ScavngrTests;
			productName = ScavngrTests;
			productReference = CE77A5CB19A925990093094E /* ScavngrTests.xctest */;
			productType = "com.apple.product-type.bundle.unit-test";
		};
/* End PBXNativeTarget section */

/* Begin PBXProject section */
		CE77A59F19A925990093094E /* Project object */ = {
			isa = PBXProject;
			attributes = {
				LastUpgradeCheck = 0510;
				ORGANIZATIONNAME = "___FULLUSERNAME___";
				TargetAttributes = {
					CE77A5CA19A925990093094E = {
						TestTargetID = CE77A5A619A925990093094E;
					};
				};
			};
			buildConfigurationList = CE77A5A219A925990093094E /* Build configuration list for PBXProject "Scavngr" */;
			compatibilityVersion = "Xcode 3.2";
			developmentRegion = English;
			hasScannedForEncodings = 0;
			knownRegions = (
				en,
				Base,
			);
			mainGroup = CE77A59E19A925990093094E;
			productRefGroup = CE77A5A819A925990093094E /* Products */;
			projectDirPath = "";
			projectRoot = "";
			targets = (
				CE77A5A619A925990093094E /* Scavngr */,
				CE77A5CA19A925990093094E /* ScavngrTests */,
			);
		};
/* End PBXProject section */

/* Begin PBXResourcesBuildPhase section */
		CE77A5A519A925990093094E /* Resources */ = {
			isa = PBXResourcesBuildPhase;
			buildActionMask = 2147483647;
			files = (
				CE77A5C119A925990093094E /* Main_iPad.storyboard in Resources */,
				CE77A5C619A925990093094E /* Images.xcassets in Resources */,
				CE77A5BE19A925990093094E /* Main_iPhone.storyboard in Resources */,
				CE77A5B519A925990093094E /* InfoPlist.strings in Resources */,
			);
			runOnlyForDeploymentPostprocessing = 0;
		};
		CE77A5C919A925990093094E /* Resources */ = {
			isa = PBXResourcesBuildPhase;
			buildActionMask = 2147483647;
			files = (
				CE77A5D719A925990093094E /* InfoPlist.strings in Resources */,
			);
			runOnlyForDeploymentPostprocessing = 0;
		};
/* End PBXResourcesBuildPhase section */

/* Begin PBXSourcesBuildPhase section */
		CE77A5A319A925990093094E /* Sources */ = {
			isa = PBXSourcesBuildPhase;
			buildActionMask = 2147483647;
			files = (
				CE77A5C419A925990093094E /* ViewController.m in Sources */,
				CE77A5BB19A925990093094E /* AppDelegate.m in Sources */,
				CE77A5B719A925990093094E /* main.m in Sources */,
			);
			runOnlyForDeploymentPostprocessing = 0;
		};
		CE77A5C719A925990093094E /* Sources */ = {
			isa = PBXSourcesBuildPhase;
			buildActionMask = 2147483647;
			files = (
				CE77A5D919A925990093094E /* ScavngrTests.m in Sources */,
			);
			runOnlyForDeploymentPostprocessing = 0;
		};
/* End PBXSourcesBuildPhase section */

/* Begin PBXTargetDependency section */
		CE77A5D119A925990093094E /* PBXTargetDependency */ = {
			isa = PBXTargetDependency;
			target = CE77A5A619A925990093094E /* Scavngr */;
			targetProxy = CE77A5D019A925990093094E /* PBXContainerItemProxy */;
		};
/* End PBXTargetDependency section */

/* Begin PBXVariantGroup section */
		CE77A5B319A925990093094E /* InfoPlist.strings */ = {
			isa = PBXVariantGroup;
			children = (
				CE77A5B419A925990093094E /* en */,
			);
			name = InfoPlist.strings;
			sourceTree = "<group>";
		};
		CE77A5BC19A925990093094E /* Main_iPhone.storyboard */ = {
			isa = PBXVariantGroup;
			children = (
				CE77A5BD19A925990093094E /* Base */,
			);
			name = Main_iPhone.storyboard;
			sourceTree = "<group>";
		};
		CE77A5BF19A925990093094E /* Main_iPad.storyboard */ = {
			isa = PBXVariantGroup;
			children = (
				CE77A5C019A925990093094E /* Base */,
			);
			name = Main_iPad.storyboard;
			sourceTree = "<group>";
		};
		CE77A5D519A925990093094E /* InfoPlist.strings */ = {
			isa = PBXVariantGroup;
			children = (
				CE77A5D619A925990093094E /* en */,
			);
			name = InfoPlist.strings;
			sourceTree = "<group>";
		};
/* End PBXVariantGroup section */

/* Begin XCBuildConfiguration section */
		CE77A5DA19A925990093094E /* Debug */ = {
			isa = XCBuildConfiguration;
			buildSettings = {
				ALWAYS_SEARCH_USER_PATHS = NO;
				CLANG_CXX_LANGUAGE_STANDARD = "gnu++0x";
				CLANG_CXX_LIBRARY = "libc++";
				CLANG_ENABLE_MODULES = YES;
				CLANG_ENABLE_OBJC_ARC = YES;
				CLANG_WARN_BOOL_CONVERSION = YES;
				CLANG_WARN_CONSTANT_CONVERSION = YES;
				CLANG_WARN_DIRECT_OBJC_ISA_USAGE = YES_ERROR;
				CLANG_WARN_EMPTY_BODY = YES;
				CLANG_WARN_ENUM_CONVERSION = YES;
				CLANG_WARN_INT_CONVERSION = YES;
				CLANG_WARN_OBJC_ROOT_CLASS = YES_ERROR;
				CLANG_WARN__DUPLICATE_METHOD_MATCH = YES;
				"CODE_SIGN_IDENTITY[sdk=iphoneos*]" = "iPhone Developer";
				COPY_PHASE_STRIP = NO;
				GCC_C_LANGUAGE_STANDARD = gnu99;
				GCC_DYNAMIC_NO_PIC = NO;
				GCC_OPTIMIZATION_LEVEL = 0;
				GCC_PREPROCESSOR_DEFINITIONS = (
					"DEBUG=1",
					"$(inherited)",
				);
				GCC_SYMBOLS_PRIVATE_EXTERN = NO;
				GCC_WARN_64_TO_32_BIT_CONVERSION = YES;
				GCC_WARN_ABOUT_RETURN_TYPE = YES_ERROR;
				GCC_WARN_UNDECLARED_SELECTOR = YES;
				GCC_WARN_UNINITIALIZED_AUTOS = YES_AGGRESSIVE;
				GCC_WARN_UNUSED_FUNCTION = YES;
				GCC_WARN_UNUSED_VARIABLE = YES;
				IPHONEOS_DEPLOYMENT_TARGET = 7.1;
				ONLY_ACTIVE_ARCH = YES;
				SDKROOT = iphoneos;
				TARGETED_DEVICE_FAMILY = "1,2";
			};
			name = Debug;
		};
		CE77A5DB19A925990093094E /* Release */ = {
			isa = XCBuildConfiguration;
			buildSettings = {
				ALWAYS_SEARCH_USER_PATHS = NO;
				CLANG_CXX_LANGUAGE_STANDARD = "gnu++0x";
				CLANG_CXX_LIBRARY = "libc++";
				CLANG_ENABLE_MODULES = YES;
				CLANG_ENABLE_OBJC_ARC = YES;
				CLANG_WARN_BOOL_CONVERSION = YES;
				CLANG_WARN_CONSTANT_CONVERSION = YES;
				CLANG_WARN_DIRECT_OBJC_ISA_USAGE = YES_ERROR;
				CLANG_WARN_EMPTY_BODY = YES;
				CLANG_WARN_ENUM_CONVERSION = YES;
				CLANG_WARN_INT_CONVERSION = YES;
				CLANG_WARN_OBJC_ROOT_CLASS = YES_ERROR;
				CLANG_WARN__DUPLICATE_METHOD_MATCH = YES;
				"CODE_SIGN_IDENTITY[sdk=iphoneos*]" = "iPhone Developer";
				COPY_PHASE_STRIP = YES;
				ENABLE_NS_ASSERTIONS = NO;
				GCC_C_LANGUAGE_STANDARD = gnu99;
				GCC_WARN_64_TO_32_BIT_CONVERSION = YES;
				GCC_WARN_ABOUT_RETURN_TYPE = YES_ERROR;
				GCC_WARN_UNDECLARED_SELECTOR = YES;
				GCC_WARN_UNINITIALIZED_AUTOS = YES_AGGRESSIVE;
				GCC_WARN_UNUSED_FUNCTION = YES;
				GCC_WARN_UNUSED_VARIABLE = YES;
				IPHONEOS_DEPLOYMENT_TARGET = 7.1;
				SDKROOT = iphoneos;
				TARGETED_DEVICE_FAMILY = "1,2";
				VALIDATE_PRODUCT = YES;
			};
			name = Release;
		};
		CE77A5DD19A925990093094E /* Debug */ = {
			isa = XCBuildConfiguration;
			buildSettings = {
				ASSETCATALOG_COMPILER_APPICON_NAME = AppIcon;
				ASSETCATALOG_COMPILER_LAUNCHIMAGE_NAME = LaunchImage;
				GCC_PRECOMPILE_PREFIX_HEADER = YES;
				GCC_PREFIX_HEADER = "Scavngr/Scavngr-Prefix.pch";
				INFOPLIST_FILE = "Scavngr/Scavngr-Info.plist";
				PRODUCT_NAME = "$(TARGET_NAME)";
				WRAPPER_EXTENSION = app;
			};
			name = Debug;
		};
		CE77A5DE19A925990093094E /* Release */ = {
			isa = XCBuildConfiguration;
			buildSettings = {
				ASSETCATALOG_COMPILER_APPICON_NAME = AppIcon;
				ASSETCATALOG_COMPILER_LAUNCHIMAGE_NAME = LaunchImage;
				GCC_PRECOMPILE_PREFIX_HEADER = YES;
				GCC_PREFIX_HEADER = "Scavngr/Scavngr-Prefix.pch";
				INFOPLIST_FILE = "Scavngr/Scavngr-Info.plist";
				PRODUCT_NAME = "$(TARGET_NAME)";
				WRAPPER_EXTENSION = app;
			};
			name = Release;
		};
		CE77A5E019A925990093094E /* Debug */ = {
			isa = XCBuildConfiguration;
			buildSettings = {
				BUNDLE_LOADER = "$(BUILT_PRODUCTS_DIR)/Scavngr.app/Scavngr";
				FRAMEWORK_SEARCH_PATHS = (
					"$(SDKROOT)/Developer/Library/Frameworks",
					"$(inherited)",
					"$(DEVELOPER_FRAMEWORKS_DIR)",
				);
				GCC_PRECOMPILE_PREFIX_HEADER = YES;
				GCC_PREFIX_HEADER = "Scavngr/Scavngr-Prefix.pch";
				GCC_PREPROCESSOR_DEFINITIONS = (
					"DEBUG=1",
					"$(inherited)",
				);
				INFOPLIST_FILE = "ScavngrTests/ScavngrTests-Info.plist";
				PRODUCT_NAME = "$(TARGET_NAME)";
				TEST_HOST = "$(BUNDLE_LOADER)";
				WRAPPER_EXTENSION = xctest;
			};
			name = Debug;
		};
		CE77A5E119A925990093094E /* Release */ = {
			isa = XCBuildConfiguration;
			buildSettings = {
				BUNDLE_LOADER = "$(BUILT_PRODUCTS_DIR)/Scavngr.app/Scavngr";
				FRAMEWORK_SEARCH_PATHS = (
					"$(SDKROOT)/Developer/Library/Frameworks",
					"$(inherited)",
					"$(DEVELOPER_FRAMEWORKS_DIR)",
				);
				GCC_PRECOMPILE_PREFIX_HEADER = YES;
				GCC_PREFIX_HEADER = "Scavngr/Scavngr-Prefix.pch";
				INFOPLIST_FILE = "ScavngrTests/ScavngrTests-Info.plist";
				PRODUCT_NAME = "$(TARGET_NAME)";
				TEST_HOST = "$(BUNDLE_LOADER)";
				WRAPPER_EXTENSION = xctest;
			};
			name = Release;
		};
/* End XCBuildConfiguration section */

/* Begin XCConfigurationList section */
		CE77A5A219A925990093094E /* Build configuration list for PBXProject "Scavngr" */ = {
			isa = XCConfigurationList;
			buildConfigurations = (
				CE77A5DA19A925990093094E /* Debug */,
				CE77A5DB19A925990093094E /* Release */,
			);
			defaultConfigurationIsVisible = 0;
			defaultConfigurationName = Release;
		};
		CE77A5DC19A925990093094E /* Build configuration list for PBXNativeTarget "Scavngr" */ = {
			isa = XCConfigurationList;
			buildConfigurations = (
				CE77A5DD19A925990093094E /* Debug */,
				CE77A5DE19A925990093094E /* Release */,
			);
			defaultConfigurationIsVisible = 0;
		};
		CE77A5DF19A925990093094E /* Build configuration list for PBXNativeTarget "ScavngrTests" */ = {
			isa = XCConfigurationList;
			buildConfigurations = (
				CE77A5E019A925990093094E /* Debug */,
				CE77A5E119A925990093094E /* Release */,
			);
			defaultConfigurationIsVisible = 0;
		};
/* End XCConfigurationList section */
	};
	rootObject = CE77A59F19A925990093094E /* Project object */;
}
